
Microsoft Visual Studio Solution File, Format Version 12.00
# Visual Studio 15
VisualStudioVersion = 15.0.27130.2036
MinimumVisualStudioVersion = 10.0.40219.1
Project("{FAE04EC0-301F-11D3-BF4B-00C04F79EFBC}") = "PrintableBitmap", "PrintableBitmap\PrintableBitmap.csproj", "{6C4691D7-EAE5-4CAD-BDCC-A6EF636C23AE}"
EndProject
Global
	GlobalSection(SolutionConfigurationPlatforms) = preSolution
		Debug|Any CPU = Debug|Any CPU
		Release|Any CPU = Release|Any CPU
	EndGlobalSection
	GlobalSection(ProjectConfigurationPlatforms) = postSolution
		{6C4691D7-EAE5-4CAD-BDCC-A6EF636C23AE}.Debug|Any CPU.ActiveCfg = Debug|Any CPU
		{6C4691D7-EAE5-4CAD-BDCC-A6EF636C23AE}.Debug|Any CPU.Build.0 = Debug|Any CPU
		{6C4691D7-EAE5-4CAD-BDCC-A6EF636C23AE}.Release|Any CPU.ActiveCfg = Release|Any CPU
		{6C4691D7-EAE5-4CAD-BDCC-A6EF636C23AE}.Release|Any CPU.Build.0 = Release|Any CPU
	EndGlobalSection
	GlobalSection(SolutionProperties) = preSolution
		HideSolutionNode = FALSE
	EndGlobalSection
	GlobalSection(ExtensibilityGlobals) = postSolution
		SolutionGuid = {1CA44EC8-D44C-4D07-9F78-39ECEF8EAC79}
	EndGlobalSection
EndGlobal
